
Microsoft Visual Studio Solution File, Format Version 12.00
# Visual Studio 15
VisualStudioVersion = 15.0.26403.3
MinimumVisualStudioVersion = 10.0.40219.1
Project("{FAE04EC0-301F-11D3-BF4B-00C04F79EFBC}") = "kp_spz_klass", "kp_spz_klass\kp_spz_klass.csproj", "{6558D287-F3B3-4871-BD74-F2FCE095CC8B}"
EndProject
Global
	GlobalSection(SolutionConfigurationPlatforms) = preSolution
		Debug|Any CPU = Debug|Any CPU
		Release|Any CPU = Release|Any CPU
	EndGlobalSection
	GlobalSection(ProjectConfigurationPlatforms) = postSolution
		{6558D287-F3B3-4871-BD74-F2FCE095CC8B}.Debug|Any CPU.ActiveCfg = Debug|Any CPU
		{6558D287-F3B3-4871-BD74-F2FCE095CC8B}.Debug|Any CPU.Build.0 = Debug|Any CPU
		{6558D287-F3B3-4871-BD74-F2FCE095CC8B}.Release|Any CPU.ActiveCfg = Release|Any CPU
		{6558D287-F3B3-4871-BD74-F2FCE095CC8B}.Release|Any CPU.Build.0 = Release|Any CPU
	EndGlobalSection
	GlobalSection(SolutionProperties) = preSolution
		HideSolutionNode = FALSE
	EndGlobalSection
EndGlobal
